github.com/HugoBlox/hugo-blox-builder/modules/blox-plugin-netlify v1.1.2-0.20250301201144-44e75541f7be h1:uKN53b/E8UE/5pbfKrOI/G52Kphw4qolhSrzEb/UHGk=
github.com/HugoBlox/hugo-blox-builder/modules/blox-plugin-netlify v1.1.2-0.20250301201144-44e75541f7be/go.mod h1:C7jfxMLv1bEUqbM9XDSmEpfOpS8w06OgqNDEcbuRgL4=
github.com/HugoBlox/hugo-blox-builder/modules/blox-plugin-netlify v1.2.0 h1:I0urN3LANA8Cv+y5Nk05D44x4d1mj00NrPSmoFKtiKg=
github.com/HugoBlox/hugo-blox-builder/modules/blox-plugin-netlify v1.2.0/go.mod h1:C7jfxMLv1bEUqbM9XDSmEpfOpS8w06OgqNDEcbuRgL4=
github.com/HugoBlox/hugo-blox-builder/modules/blox-tailwind v0.3.2 h1:Rh9CLgt4GpcWOoFJ0XyryvGjK/czOAa0eXuhjDisIC0=
github.com/HugoBlox/hugo-blox-builder/modules/blox-tailwind v0.3.2/go.mod h1:bUQKSt1XQhk60nSpI6D+MibQi6v8s7HghF5qoAtlhws=
github.com/HugoBlox/hugo-blox-builder/modules/blox-tailwind v0.10.0 h1:LZnRHMenSA0UJqVGKS3Unk+W+y2IDiYRzdCaGueoFzc=
github.com/HugoBlox/hugo-blox-builder/modules/blox-tailwind v0.10.0/go.mod h1:iiKLoehg9IqQd0R4jUfhl+wvJCiXPNgV88A/V8iKSLY=
